
Microsoft Visual Studio Solution File, Format Version 12.00
# Visual Studio Version 17
VisualStudioVersion = 17.4.33213.308
MinimumVisualStudioVersion = 10.0.40219.1
Project("{FAE04EC0-301F-11D3-BF4B-00C04F79EFBC}") = "WebAPIExercicio1Encapsulamento", "WebAPIExercicio1Encapsulamento\WebAPIExercicio1Encapsulamento.csproj", "{B7A57FB6-8D11-4033-8D10-4092C9709C85}"
EndProject
Global
	GlobalSection(SolutionConfigurationPlatforms) = preSolution
		Debug|Any CPU = Debug|Any CPU
		Release|Any CPU = Release|Any CPU
	EndGlobalSection
	GlobalSection(ProjectConfigurationPlatforms) = postSolution
		{B7A57FB6-8D11-4033-8D10-4092C9709C85}.Debug|Any CPU.ActiveCfg = Debug|Any CPU
		{B7A57FB6-8D11-4033-8D10-4092C9709C85}.Debug|Any CPU.Build.0 = Debug|Any CPU
		{B7A57FB6-8D11-4033-8D10-4092C9709C85}.Release|Any CPU.ActiveCfg = Release|Any CPU
		{B7A57FB6-8D11-4033-8D10-4092C9709C85}.Release|Any CPU.Build.0 = Release|Any CPU
	EndGlobalSection
	GlobalSection(SolutionProperties) = preSolution
		HideSolutionNode = FALSE
	EndGlobalSection
	GlobalSection(ExtensibilityGlobals) = postSolution
		SolutionGuid = {B2318BF6-14A8-4E43-9018-4FA66265C940}
	EndGlobalSection
EndGlobal
