
Microsoft Visual Studio Solution File, Format Version 12.00
# Visual Studio Version 17
VisualStudioVersion = 17.4.33213.308
MinimumVisualStudioVersion = 10.0.40219.1
Project("{FAE04EC0-301F-11D3-BF4B-00C04F79EFBC}") = "WebAPIVendasTurmaB", "WebAPIVendasTurmaB\WebAPIVendasTurmaB.csproj", "{A55C4336-F77D-41A3-AEA6-C325495D8408}"
EndProject
Global
	GlobalSection(SolutionConfigurationPlatforms) = preSolution
		Debug|Any CPU = Debug|Any CPU
		Release|Any CPU = Release|Any CPU
	EndGlobalSection
	GlobalSection(ProjectConfigurationPlatforms) = postSolution
		{A55C4336-F77D-41A3-AEA6-C325495D8408}.Debug|Any CPU.ActiveCfg = Debug|Any CPU
		{A55C4336-F77D-41A3-AEA6-C325495D8408}.Debug|Any CPU.Build.0 = Debug|Any CPU
		{A55C4336-F77D-41A3-AEA6-C325495D8408}.Release|Any CPU.ActiveCfg = Release|Any CPU
		{A55C4336-F77D-41A3-AEA6-C325495D8408}.Release|Any CPU.Build.0 = Release|Any CPU
	EndGlobalSection
	GlobalSection(SolutionProperties) = preSolution
		HideSolutionNode = FALSE
	EndGlobalSection
	GlobalSection(ExtensibilityGlobals) = postSolution
		SolutionGuid = {D094609E-B624-40D9-82E3-4028B21619AB}
	EndGlobalSection
EndGlobal
